{
  "version": "4",
  "remote": {
    "https://esm.sh/gh/doga/IRI@1.4.5/mod.mjs": "6cbd3a4967977ffbd2b7d21cf8110782f3139a972db9ed9605a03b20aee47845",
    "https://esm.sh/gh/doga/IRI@2.0.0/mod.mjs": "71675561cc1becdfda0956bda0a0a156a76e29961ebb6c139f7e1c00f30b7fdd",
    "https://esm.sh/gh/doga/punycode@1.0.0/mod.mjs": "4448b30deb82ecf333360321ee2e05b7a87f873c141fe0eec91b983a7e381152",
    "https://esm.sh/v135/gh/doga/IRI@1.4.5/denonext/mod.js": "61d921daf2cc94c06b34ddabcedd36e2a1a71725b6d76ad0ba60559e0538cfd0",
    "https://esm.sh/v135/gh/doga/IRI@2.0.0/denonext/mod.js": "d33107c1b5130bf01ed59864d6d72c6fe307665cb54e003f9bef7003f3472e58",
    "https://esm.sh/v135/gh/doga/punycode@1.0.0/denonext/mod.js": "0487c25f67df311ae32ce8b85d2fe56f571e6af6eb5ae8bee3060ac4c3a956bf"
  }
}
